
Microsoft Visual Studio Solution File, Format Version 12.00
# Visual Studio 2013
VisualStudioVersion = 12.0.30501.0
MinimumVisualStudioVersion = 10.0.40219.1
Project("{FAE04EC0-301F-11D3-BF4B-00C04F79EFBC}") = "ZipAndDownload", "ZipAndDownload\ZipAndDownload.csproj", "{EAB6894B-EA4D-45CD-8600-B2419BEA08D3}"
EndProject
Project("{FAE04EC0-301F-11D3-BF4B-00C04F79EFBC}") = "DecoratorPattern", "DecoratorPattern\DecoratorPattern.csproj", "{C32B529E-D771-4AE2-9C35-966D78820801}"
EndProject
Global
	GlobalSection(SolutionConfigurationPlatforms) = preSolution
		Debug|Any CPU = Debug|Any CPU
		Release|Any CPU = Release|Any CPU
	EndGlobalSection
	GlobalSection(ProjectConfigurationPlatforms) = postSolution
		{EAB6894B-EA4D-45CD-8600-B2419BEA08D3}.Debug|Any CPU.ActiveCfg = Debug|Any CPU
		{EAB6894B-EA4D-45CD-8600-B2419BEA08D3}.Debug|Any CPU.Build.0 = Debug|Any CPU
		{EAB6894B-EA4D-45CD-8600-B2419BEA08D3}.Release|Any CPU.ActiveCfg = Release|Any CPU
		{EAB6894B-EA4D-45CD-8600-B2419BEA08D3}.Release|Any CPU.Build.0 = Release|Any CPU
		{C32B529E-D771-4AE2-9C35-966D78820801}.Debug|Any CPU.ActiveCfg = Debug|Any CPU
		{C32B529E-D771-4AE2-9C35-966D78820801}.Debug|Any CPU.Build.0 = Debug|Any CPU
		{C32B529E-D771-4AE2-9C35-966D78820801}.Release|Any CPU.ActiveCfg = Release|Any CPU
		{C32B529E-D771-4AE2-9C35-966D78820801}.Release|Any CPU.Build.0 = Release|Any CPU
	EndGlobalSection
	GlobalSection(SolutionProperties) = preSolution
		HideSolutionNode = FALSE
	EndGlobalSection
EndGlobal
